
Microsoft Visual Studio Solution File, Format Version 12.00
# Visual Studio 15
VisualStudioVersion = 15.0.27703.2026
MinimumVisualStudioVersion = 10.0.40219.1
Project("{FAE04EC0-301F-11D3-BF4B-00C04F79EFBC}") = "CompareConsole", "CompareConsole\CompareConsole.csproj", "{4FE61E40-3C2B-4B3E-B4F7-C798FE3D250C}"
EndProject
Global
	GlobalSection(SolutionConfigurationPlatforms) = preSolution
		Debug|Any CPU = Debug|Any CPU
		Release|Any CPU = Release|Any CPU
	EndGlobalSection
	GlobalSection(ProjectConfigurationPlatforms) = postSolution
		{4FE61E40-3C2B-4B3E-B4F7-C798FE3D250C}.Debug|Any CPU.ActiveCfg = Debug|Any CPU
		{4FE61E40-3C2B-4B3E-B4F7-C798FE3D250C}.Debug|Any CPU.Build.0 = Debug|Any CPU
		{4FE61E40-3C2B-4B3E-B4F7-C798FE3D250C}.Release|Any CPU.ActiveCfg = Release|Any CPU
		{4FE61E40-3C2B-4B3E-B4F7-C798FE3D250C}.Release|Any CPU.Build.0 = Release|Any CPU
	EndGlobalSection
	GlobalSection(SolutionProperties) = preSolution
		HideSolutionNode = FALSE
	EndGlobalSection
	GlobalSection(ExtensibilityGlobals) = postSolution
		SolutionGuid = {675C42CC-5DB1-4BF3-A4AC-D9B3F9CCAA1F}
	EndGlobalSection
EndGlobal
